// !$*UTF8*$!
{
	archiveVersion = 1;
	classes = {
	};
	objectVersion = 46;
	objects = {

/* Begin PBXBuildFile section */
		A8D2944918E3290000265CA8 /* Foundation.framework in Frameworks */ = {isa = PBXBuildFile; fileRef = A8D2944818E3290000265CA8 /* Foundation.framework */; };
		A8D2944B18E3290000265CA8 /* CoreGraphics.framework in Frameworks */ = {isa = PBXBuildFile; fileRef = A8D2944A18E3290000265CA8 /* CoreGraphics.framework */; };
		A8D2944D18E3290000265CA8 /* UIKit.framework in Frameworks */ = {isa = PBXBuildFile; fileRef = A8D2944C18E3290000265CA8 /* UIKit.framework */; };
		A8D2945318E3290000265CA8 /* InfoPlist.strings in Resources */ = {isa = PBXBuildFile; fileRef = A8D2945118E3290000265CA8 /* InfoPlist.strings */; };
		A8D2945518E3290000265CA8 /* main.m in Sources */ = {isa = PBXBuildFile; fileRef = A8D2945418E3290000265CA8 /* main.m */; };
		A8D2945918E3290000265CA8 /* AppDelegate.m in Sources */ = {isa = PBXBuildFile; fileRef = A8D2945818E3290000265CA8 /* AppDelegate.m */; };
		A8D2945C18E3290000265CA8 /* Main_iPhone.storyboard in Resources */ = {isa = PBXBuildFile; fileRef = A8D2945A18E3290000265CA8 /* Main_iPhone.storyboard */; };
		A8D2945F18E3290000265CA8 /* Main_iPad.storyboard in Resources */ = {isa = PBXBuildFile; fileRef = A8D2945D18E3290000265CA8 /* Main_iPad.storyboard */; };
		A8D2946218E3290000265CA8 /* ViewController.m in Sources */ = {isa = PBXBuildFile; fileRef = A8D2946118E3290000265CA8 /* ViewController.m */; };
		A8D2946418E3290000265CA8 /* Images.xcassets in Resources */ = {isa = PBXBuildFile; fileRef = A8D2946318E3290000265CA8 /* Images.xcassets */; };
		A8D2946B18E3290000265CA8 /* XCTest.framework in Frameworks */ = {isa = PBXBuildFile; fileRef = A8D2946A18E3290000265CA8 /* XCTest.framework */; };
		A8D2946C18E3290000265CA8 /* Foundation.framework in Frameworks */ = {isa = PBXBuildFile; fileRef = A8D2944818E3290000265CA8 /* Foundation.framework */; };
		A8D2946D18E3290000265CA8 /* UIKit.framework in Frameworks */ = {isa = PBXBuildFile; fileRef = A8D2944C18E3290000265CA8 /* UIKit.framework */; };
		A8D2947518E3290000265CA8 /* InfoPlist.strings in Resources */ = {isa = PBXBuildFile; fileRef = A8D2947318E3290000265CA8 /* InfoPlist.strings */; };
		A8D2947718E3290000265CA8 /* MyTradieAngelTests.m in Sources */ = {isa = PBXBuildFile; fileRef = A8D2947618E3290000265CA8 /* MyTradieAngelTests.m */; };
/* End PBXBuildFile section */

/* Begin PBXContainerItemProxy section */
		A8D2946E18E3290000265CA8 /* PBXContainerItemProxy */ = {
			isa = PBXContainerItemProxy;
			containerPortal = A8D2943D18E3290000265CA8 /* Project object */;
			proxyType = 1;
			remoteGlobalIDString = A8D2944418E3290000265CA8;
			remoteInfo = MyTradieAngel;
		};
/* End PBXContainerItemProxy section */

/* Begin PBXFileReference section */
		A8D2944518E3290000265CA8 /* MyTradieAngel.app */ = {isa = PBXFileReference; explicitFileType = wrapper.application; includeInIndex = 0; path = MyTradieAngel.app; sourceTree = BUILT_PRODUCTS_DIR; };
		A8D2944818E3290000265CA8 /* Foundation.framework */ = {isa = PBXFileReference; lastKnownFileType = wrapper.framework; name = Foundation.framework; path = System/Library/Frameworks/Foundation.framework; sourceTree = SDKROOT; };
		A8D2944A18E3290000265CA8 /* CoreGraphics.framework */ = {isa = PBXFileReference; lastKnownFileType = wrapper.framework; name = CoreGraphics.framework; path = System/Library/Frameworks/CoreGraphics.framework; sourceTree = SDKROOT; };
		A8D2944C18E3290000265CA8 /* UIKit.framework */ = {isa = PBXFileReference; lastKnownFileType = wrapper.framework; name = UIKit.framework; path = System/Library/Frameworks/UIKit.framework; sourceTree = SDKROOT; };
		A8D2945018E3290000265CA8 /* MyTradieAngel-Info.plist */ = {isa = PBXFileReference; lastKnownFileType = text.plist.xml; path = "MyTradieAngel-Info.plist"; sourceTree = "<group>"; };
		A8D2945218E3290000265CA8 /* en */ = {isa = PBXFileReference; lastKnownFileType = text.plist.strings; name = en; path = en.lproj/InfoPlist.strings; sourceTree = "<group>"; };
		A8D2945418E3290000265CA8 /* main.m */ = {isa = PBXFileReference; lastKnownFileType = sourcecode.c.objc; path = main.m; sourceTree = "<group>"; };
		A8D2945618E3290000265CA8 /* MyTradieAngel-Prefix.pch */ = {isa = PBXFileReference; lastKnownFileType = sourcecode.c.h; path = "MyTradieAngel-Prefix.pch"; sourceTree = "<group>"; };
		A8D2945718E3290000265CA8 /* AppDelegate.h */ = {isa = PBXFileReference; lastKnownFileType = sourcecode.c.h; path = AppDelegate.h; sourceTree = "<group>"; };
		A8D2945818E3290000265CA8 /* AppDelegate.m */ = {isa = PBXFileReference; lastKnownFileType = sourcecode.c.objc; path = AppDelegate.m; sourceTree = "<group>"; };
		A8D2945B18E3290000265CA8 /* Base */ = {isa = PBXFileReference; lastKnownFileType = file.storyboard; name = Base; path = Base.lproj/Main_iPhone.storyboard; sourceTree = "<group>"; };
		A8D2945E18E3290000265CA8 /* Base */ = {isa = PBXFileReference; lastKnownFileType = file.storyboard; name = Base; path = Base.lproj/Main_iPad.storyboard; sourceTree = "<group>"; };
		A8D2946018E3290000265CA8 /* ViewController.h */ = {isa = PBXFileReference; lastKnownFileType = sourcecode.c.h; path = ViewController.h; sourceTree = "<group>"; };
		A8D2946118E3290000265CA8 /* ViewController.m */ = {isa = PBXFileReference; lastKnownFileType = sourcecode.c.objc; path = ViewController.m; sourceTree = "<group>"; };
		A8D2946318E3290000265CA8 /* Images.xcassets */ = {isa = PBXFileReference; lastKnownFileType = folder.assetcatalog; path = Images.xcassets; sourceTree = "<group>"; };
		A8D2946918E3290000265CA8 /* MyTradieAngelTests.xctest */ = {isa = PBXFileReference; explicitFileType = wrapper.cfbundle; includeInIndex = 0; path = MyTradieAngelTests.xctest; sourceTree = BUILT_PRODUCTS_DIR; };
		A8D2946A18E3290000265CA8 /* XCTest.framework */ = {isa = PBXFileReference; lastKnownFileType = wrapper.framework; name = XCTest.framework; path = Library/Frameworks/XCTest.framework; sourceTree = DEVELOPER_DIR; };
		A8D2947218E3290000265CA8 /* MyTradieAngelTests-Info.plist */ = {isa = PBXFileReference; lastKnownFileType = text.plist.xml; path = "MyTradieAngelTests-Info.plist"; sourceTree = "<group>"; };
		A8D2947418E3290000265CA8 /* en */ = {isa = PBXFileReference; lastKnownFileType = text.plist.strings; name = en; path = en.lproj/InfoPlist.strings; sourceTree = "<group>"; };
		A8D2947618E3290000265CA8 /* MyTradieAngelTests.m */ = {isa = PBXFileReference; lastKnownFileType = sourcecode.c.objc; path = MyTradieAngelTests.m; sourceTree = "<group>"; };
/* End PBXFileReference section */

/* Begin PBXFrameworksBuildPhase section */
		A8D2944218E3290000265CA8 /* Frameworks */ = {
			isa = PBXFrameworksBuildPhase;
			buildActionMask = 2147483647;
			files = (
				A8D2944B18E3290000265CA8 /* CoreGraphics.framework in Frameworks */,
				A8D2944D18E3290000265CA8 /* UIKit.framework in Frameworks */,
				A8D2944918E3290000265CA8 /* Foundation.framework in Frameworks */,
			);
			runOnlyForDeploymentPostprocessing = 0;
		};
		A8D2946618E3290000265CA8 /* Frameworks */ = {
			isa = PBXFrameworksBuildPhase;
			buildActionMask = 2147483647;
			files = (
				A8D2946B18E3290000265CA8 /* XCTest.framework in Frameworks */,
				A8D2946D18E3290000265CA8 /* UIKit.framework in Frameworks */,
				A8D2946C18E3290000265CA8 /* Foundation.framework in Frameworks */,
			);
			runOnlyForDeploymentPostprocessing = 0;
		};
/* End PBXFrameworksBuildPhase section */

/* Begin PBXGroup section */
		A8D2943C18E3290000265CA8 = {
			isa = PBXGroup;
			children = (
				A8D2944E18E3290000265CA8 /* MyTradieAngel */,
				A8D2947018E3290000265CA8 /* MyTradieAngelTests */,
				A8D2944718E3290000265CA8 /* Frameworks */,
				A8D2944618E3290000265CA8 /* Products */,
			);
			sourceTree = "<group>";
		};
		A8D2944618E3290000265CA8 /* Products */ = {
			isa = PBXGroup;
			children = (
				A8D2944518E3290000265CA8 /* MyTradieAngel.app */,
				A8D2946918E3290000265CA8 /* MyTradieAngelTests.xctest */,
			);
			name = Products;
			sourceTree = "<group>";
		};
		A8D2944718E3290000265CA8 /* Frameworks */ = {
			isa = PBXGroup;
			children = (
				A8D2944818E3290000265CA8 /* Foundation.framework */,
				A8D2944A18E3290000265CA8 /* CoreGraphics.framework */,
				A8D2944C18E3290000265CA8 /* UIKit.framework */,
				A8D2946A18E3290000265CA8 /* XCTest.framework */,
			);
			name = Frameworks;
			sourceTree = "<group>";
		};
		A8D2944E18E3290000265CA8 /* MyTradieAngel */ = {
			isa = PBXGroup;
			children = (
				A8D2945718E3290000265CA8 /* AppDelegate.h */,
				A8D2945818E3290000265CA8 /* AppDelegate.m */,
				A8D2945A18E3290000265CA8 /* Main_iPhone.storyboard */,
				A8D2945D18E3290000265CA8 /* Main_iPad.storyboard */,
				A8D2946018E3290000265CA8 /* ViewController.h */,
				A8D2946118E3290000265CA8 /* ViewController.m */,
				A8D2946318E3290000265CA8 /* Images.xcassets */,
				A8D2944F18E3290000265CA8 /* Supporting Files */,
			);
			path = MyTradieAngel;
			sourceTree = "<group>";
		};
		A8D2944F18E3290000265CA8 /* Supporting Files */ = {
			isa = PBXGroup;
			children = (
				A8D2945018E3290000265CA8 /* MyTradieAngel-Info.plist */,
				A8D2945118E3290000265CA8 /* InfoPlist.strings */,
				A8D2945418E3290000265CA8 /* main.m */,
				A8D2945618E3290000265CA8 /* MyTradieAngel-Prefix.pch */,
			);
			name = "Supporting Files";
			sourceTree = "<group>";
		};
		A8D2947018E3290000265CA8 /* MyTradieAngelTests */ = {
			isa = PBXGroup;
			children = (
				A8D2947618E3290000265CA8 /* MyTradieAngelTests.m */,
				A8D2947118E3290000265CA8 /* Supporting Files */,
			);
			path = MyTradieAngelTests;
			sourceTree = "<group>";
		};
		A8D2947118E3290000265CA8 /* Supporting Files */ = {
			isa = PBXGroup;
			children = (
				A8D2947218E3290000265CA8 /* MyTradieAngelTests-Info.plist */,
				A8D2947318E3290000265CA8 /* InfoPlist.strings */,
			);
			name = "Supporting Files";
			sourceTree = "<group>";
		};
/* End PBXGroup section */

/* Begin PBXNativeTarget section */
		A8D2944418E3290000265CA8 /* MyTradieAngel */ = {
			isa = PBXNativeTarget;
			buildConfigurationList = A8D2947A18E3290000265CA8 /* Build configuration list for PBXNativeTarget "MyTradieAngel" */;
			buildPhases = (
				A8D2944118E3290000265CA8 /* Sources */,
				A8D2944218E3290000265CA8 /* Frameworks */,
				A8D2944318E3290000265CA8 /* Resources */,
			);
			buildRules = (
			);
			dependencies = (
			);
			name = MyTradieAngel;
			productName = MyTradieAngel;
			productReference = A8D2944518E3290000265CA8 /* MyTradieAngel.app */;
			productType = "com.apple.product-type.application";
		};
		A8D2946818E3290000265CA8 /* MyTradieAngelTests */ = {
			isa = PBXNativeTarget;
			buildConfigurationList = A8D2947D18E3290000265CA8 /* Build configuration list for PBXNativeTarget "MyTradieAngelTests" */;
			buildPhases = (
				A8D2946518E3290000265CA8 /* Sources */,
				A8D2946618E3290000265CA8 /* Frameworks */,
				A8D2946718E3290000265CA8 /* Resources */,
			);
			buildRules = (
			);
			dependencies = (
				A8D2946F18E3290000265CA8 /* PBXTargetDependency */,
			);
			name = MyTradieAngelTests;
			productName = MyTradieAngelTests;
			productReference = A8D2946918E3290000265CA8 /* MyTradieAngelTests.xctest */;
			productType = "com.apple.product-type.bundle.unit-test";
		};
/* End PBXNativeTarget section */

/* Begin PBXProject section */
		A8D2943D18E3290000265CA8 /* Project object */ = {
			isa = PBXProject;
			attributes = {
				LastUpgradeCheck = 0510;
				ORGANIZATIONNAME = Softaic;
				TargetAttributes = {
					A8D2946818E3290000265CA8 = {
						TestTargetID = A8D2944418E3290000265CA8;
					};
				};
			};
			buildConfigurationList = A8D2944018E3290000265CA8 /* Build configuration list for PBXProject "MyTradieAngel" */;
			compatibilityVersion = "Xcode 3.2";
			developmentRegion = English;
			hasScannedForEncodings = 0;
			knownRegions = (
				en,
				Base,
			);
			mainGroup = A8D2943C18E3290000265CA8;
			productRefGroup = A8D2944618E3290000265CA8 /* Products */;
			projectDirPath = "";
			projectRoot = "";
			targets = (
				A8D2944418E3290000265CA8 /* MyTradieAngel */,
				A8D2946818E3290000265CA8 /* MyTradieAngelTests */,
			);
		};
/* End PBXProject section */

/* Begin PBXResourcesBuildPhase section */
		A8D2944318E3290000265CA8 /* Resources */ = {
			isa = PBXResourcesBuildPhase;
			buildActionMask = 2147483647;
			files = (
				A8D2945F18E3290000265CA8 /* Main_iPad.storyboard in Resources */,
				A8D2946418E3290000265CA8 /* Images.xcassets in Resources */,
				A8D2945C18E3290000265CA8 /* Main_iPhone.storyboard in Resources */,
				A8D2945318E3290000265CA8 /* InfoPlist.strings in Resources */,
			);
			runOnlyForDeploymentPostprocessing = 0;
		};
		A8D2946718E3290000265CA8 /* Resources */ = {
			isa = PBXResourcesBuildPhase;
			buildActionMask = 2147483647;
			files = (
				A8D2947518E3290000265CA8 /* InfoPlist.strings in Resources */,
			);
			runOnlyForDeploymentPostprocessing = 0;
		};
/* End PBXResourcesBuildPhase section */

/* Begin PBXSourcesBuildPhase section */
		A8D2944118E3290000265CA8 /* Sources */ = {
			isa = PBXSourcesBuildPhase;
			buildActionMask = 2147483647;
			files = (
				A8D2946218E3290000265CA8 /* ViewController.m in Sources */,
				A8D2945918E3290000265CA8 /* AppDelegate.m in Sources */,
				A8D2945518E3290000265CA8 /* main.m in Sources */,
			);
			runOnlyForDeploymentPostprocessing = 0;
		};
		A8D2946518E3290000265CA8 /* Sources */ = {
			isa = PBXSourcesBuildPhase;
			buildActionMask = 2147483647;
			files = (
				A8D2947718E3290000265CA8 /* MyTradieAngelTests.m in Sources */,
			);
			runOnlyForDeploymentPostprocessing = 0;
		};
/* End PBXSourcesBuildPhase section */

/* Begin PBXTargetDependency section */
		A8D2946F18E3290000265CA8 /* PBXTargetDependency */ = {
			isa = PBXTargetDependency;
			target = A8D2944418E3290000265CA8 /* MyTradieAngel */;
			targetProxy = A8D2946E18E3290000265CA8 /* PBXContainerItemProxy */;
		};
/* End PBXTargetDependency section */

/* Begin PBXVariantGroup section */
		A8D2945118E3290000265CA8 /* InfoPlist.strings */ = {
			isa = PBXVariantGroup;
			children = (
				A8D2945218E3290000265CA8 /* en */,
			);
			name = InfoPlist.strings;
			sourceTree = "<group>";
		};
		A8D2945A18E3290000265CA8 /* Main_iPhone.storyboard */ = {
			isa = PBXVariantGroup;
			children = (
				A8D2945B18E3290000265CA8 /* Base */,
			);
			name = Main_iPhone.storyboard;
			sourceTree = "<group>";
		};
		A8D2945D18E3290000265CA8 /* Main_iPad.storyboard */ = {
			isa = PBXVariantGroup;
			children = (
				A8D2945E18E3290000265CA8 /* Base */,
			);
			name = Main_iPad.storyboard;
			sourceTree = "<group>";
		};
		A8D2947318E3290000265CA8 /* InfoPlist.strings */ = {
			isa = PBXVariantGroup;
			children = (
				A8D2947418E3290000265CA8 /* en */,
			);
			name = InfoPlist.strings;
			sourceTree = "<group>";
		};
/* End PBXVariantGroup section */

/* Begin XCBuildConfiguration section */
		A8D2947818E3290000265CA8 /* Debug */ = {
			isa = XCBuildConfiguration;
			buildSettings = {
				ALWAYS_SEARCH_USER_PATHS = NO;
				CLANG_CXX_LANGUAGE_STANDARD = "gnu++0x";
				CLANG_CXX_LIBRARY = "libc++";
				CLANG_ENABLE_MODULES = YES;
				CLANG_ENABLE_OBJC_ARC = YES;
				CLANG_WARN_BOOL_CONVERSION = YES;
				CLANG_WARN_CONSTANT_CONVERSION = YES;
				CLANG_WARN_DIRECT_OBJC_ISA_USAGE = YES_ERROR;
				CLANG_WARN_EMPTY_BODY = YES;
				CLANG_WARN_ENUM_CONVERSION = YES;
				CLANG_WARN_INT_CONVERSION = YES;
				CLANG_WARN_OBJC_ROOT_CLASS = YES_ERROR;
				CLANG_WARN__DUPLICATE_METHOD_MATCH = YES;
				"CODE_SIGN_IDENTITY[sdk=iphoneos*]" = "iPhone Developer";
				COPY_PHASE_STRIP = NO;
				GCC_C_LANGUAGE_STANDARD = gnu99;
				GCC_DYNAMIC_NO_PIC = NO;
				GCC_OPTIMIZATION_LEVEL = 0;
				GCC_PREPROCESSOR_DEFINITIONS = (
					"DEBUG=1",
					"$(inherited)",
				);
				GCC_SYMBOLS_PRIVATE_EXTERN = NO;
				GCC_WARN_64_TO_32_BIT_CONVERSION = YES;
				GCC_WARN_ABOUT_RETURN_TYPE = YES_ERROR;
				GCC_WARN_UNDECLARED_SELECTOR = YES;
				GCC_WARN_UNINITIALIZED_AUTOS = YES_AGGRESSIVE;
				GCC_WARN_UNUSED_FUNCTION = YES;
				GCC_WARN_UNUSED_VARIABLE = YES;
				IPHONEOS_DEPLOYMENT_TARGET = 7.1;
				ONLY_ACTIVE_ARCH = YES;
				SDKROOT = iphoneos;
				TARGETED_DEVICE_FAMILY = "1,2";
			};
			name = Debug;
		};
		A8D2947918E3290000265CA8 /* Release */ = {
			isa = XCBuildConfiguration;
			buildSettings = {
				ALWAYS_SEARCH_USER_PATHS = NO;
				CLANG_CXX_LANGUAGE_STANDARD = "gnu++0x";
				CLANG_CXX_LIBRARY = "libc++";
				CLANG_ENABLE_MODULES = YES;
				CLANG_ENABLE_OBJC_ARC = YES;
				CLANG_WARN_BOOL_CONVERSION = YES;
				CLANG_WARN_CONSTANT_CONVERSION = YES;
				CLANG_WARN_DIRECT_OBJC_ISA_USAGE = YES_ERROR;
				CLANG_WARN_EMPTY_BODY = YES;
				CLANG_WARN_ENUM_CONVERSION = YES;
				CLANG_WARN_INT_CONVERSION = YES;
				CLANG_WARN_OBJC_ROOT_CLASS = YES_ERROR;
				CLANG_WARN__DUPLICATE_METHOD_MATCH = YES;
				"CODE_SIGN_IDENTITY[sdk=iphoneos*]" = "iPhone Developer";
				COPY_PHASE_STRIP = YES;
				ENABLE_NS_ASSERTIONS = NO;
				GCC_C_LANGUAGE_STANDARD = gnu99;
				GCC_WARN_64_TO_32_BIT_CONVERSION = YES;
				GCC_WARN_ABOUT_RETURN_TYPE = YES_ERROR;
				GCC_WARN_UNDECLARED_SELECTOR = YES;
				GCC_WARN_UNINITIALIZED_AUTOS = YES_AGGRESSIVE;
				GCC_WARN_UNUSED_FUNCTION = YES;
				GCC_WARN_UNUSED_VARIABLE = YES;
				IPHONEOS_DEPLOYMENT_TARGET = 7.1;
				SDKROOT = iphoneos;
				TARGETED_DEVICE_FAMILY = "1,2";
				VALIDATE_PRODUCT = YES;
			};
			name = Release;
		};
		A8D2947B18E3290000265CA8 /* Debug */ = {
			isa = XCBuildConfiguration;
			buildSettings = {
				ASSETCATALOG_COMPILER_APPICON_NAME = AppIcon;
				ASSETCATALOG_COMPILER_LAUNCHIMAGE_NAME = LaunchImage;
				GCC_PRECOMPILE_PREFIX_HEADER = YES;
				GCC_PREFIX_HEADER = "MyTradieAngel/MyTradieAngel-Prefix.pch";
				INFOPLIST_FILE = "MyTradieAngel/MyTradieAngel-Info.plist";
				PRODUCT_NAME = "$(TARGET_NAME)";
				WRAPPER_EXTENSION = app;
			};
			name = Debug;
		};
		A8D2947C18E3290000265CA8 /* Release */ = {
			isa = XCBuildConfiguration;
			buildSettings = {
				ASSETCATALOG_COMPILER_APPICON_NAME = AppIcon;
				ASSETCATALOG_COMPILER_LAUNCHIMAGE_NAME = LaunchImage;
				GCC_PRECOMPILE_PREFIX_HEADER = YES;
				GCC_PREFIX_HEADER = "MyTradieAngel/MyTradieAngel-Prefix.pch";
				INFOPLIST_FILE = "MyTradieAngel/MyTradieAngel-Info.plist";
				PRODUCT_NAME = "$(TARGET_NAME)";
				WRAPPER_EXTENSION = app;
			};
			name = Release;
		};
		A8D2947E18E3290000265CA8 /* Debug */ = {
			isa = XCBuildConfiguration;
			buildSettings = {
				BUNDLE_LOADER = "$(BUILT_PRODUCTS_DIR)/MyTradieAngel.app/MyTradieAngel";
				FRAMEWORK_SEARCH_PATHS = (
					"$(SDKROOT)/Developer/Library/Frameworks",
					"$(inherited)",
					"$(DEVELOPER_FRAMEWORKS_DIR)",
				);
				GCC_PRECOMPILE_PREFIX_HEADER = YES;
				GCC_PREFIX_HEADER = "MyTradieAngel/MyTradieAngel-Prefix.pch";
				GCC_PREPROCESSOR_DEFINITIONS = (
					"DEBUG=1",
					"$(inherited)",
				);
				INFOPLIST_FILE = "MyTradieAngelTests/MyTradieAngelTests-Info.plist";
				PRODUCT_NAME = "$(TARGET_NAME)";
				TEST_HOST = "$(BUNDLE_LOADER)";
				WRAPPER_EXTENSION = xctest;
			};
			name = Debug;
		};
		A8D2947F18E3290000265CA8 /* Release */ = {
			isa = XCBuildConfiguration;
			buildSettings = {
				BUNDLE_LOADER = "$(BUILT_PRODUCTS_DIR)/MyTradieAngel.app/MyTradieAngel";
				FRAMEWORK_SEARCH_PATHS = (
					"$(SDKROOT)/Developer/Library/Frameworks",
					"$(inherited)",
					"$(DEVELOPER_FRAMEWORKS_DIR)",
				);
				GCC_PRECOMPILE_PREFIX_HEADER = YES;
				GCC_PREFIX_HEADER = "MyTradieAngel/MyTradieAngel-Prefix.pch";
				INFOPLIST_FILE = "MyTradieAngelTests/MyTradieAngelTests-Info.plist";
				PRODUCT_NAME = "$(TARGET_NAME)";
				TEST_HOST = "$(BUNDLE_LOADER)";
				WRAPPER_EXTENSION = xctest;
			};
			name = Release;
		};
/* End XCBuildConfiguration section */

/* Begin XCConfigurationList section */
		A8D2944018E3290000265CA8 /* Build configuration list for PBXProject "MyTradieAngel" */ = {
			isa = XCConfigurationList;
			buildConfigurations = (
				A8D2947818E3290000265CA8 /* Debug */,
				A8D2947918E3290000265CA8 /* Release */,
			);
			defaultConfigurationIsVisible = 0;
			defaultConfigurationName = Release;
		};
		A8D2947A18E3290000265CA8 /* Build configuration list for PBXNativeTarget "MyTradieAngel" */ = {
			isa = XCConfigurationList;
			buildConfigurations = (
				A8D2947B18E3290000265CA8 /* Debug */,
				A8D2947C18E3290000265CA8 /* Release */,
			);
			defaultConfigurationIsVisible = 0;
		};
		A8D2947D18E3290000265CA8 /* Build configuration list for PBXNativeTarget "MyTradieAngelTests" */ = {
			isa = XCConfigurationList;
			buildConfigurations = (
				A8D2947E18E3290000265CA8 /* Debug */,
				A8D2947F18E3290000265CA8 /* Release */,
			);
			defaultConfigurationIsVisible = 0;
		};
/* End XCConfigurationList section */
	};
	rootObject = A8D2943D18E3290000265CA8 /* Project object */;
}
